
Microsoft Visual Studio Solution File, Format Version 12.00
# Visual Studio Version 16
VisualStudioVersion = 16.0.29920.165
MinimumVisualStudioVersion = 10.0.40219.1
Project("{FAE04EC0-301F-11D3-BF4B-00C04F79EFBC}") = "XivPlayerData", "XivPlayerData\XivPlayerData.csproj", "{BE20C0D2-7B8B-46BC-A7B6-6939EA7D748C}"
EndProject
Global
	GlobalSection(SolutionConfigurationPlatforms) = preSolution
		Debug|Any CPU = Debug|Any CPU
		Release|Any CPU = Release|Any CPU
	EndGlobalSection
	GlobalSection(ProjectConfigurationPlatforms) = postSolution
		{BE20C0D2-7B8B-46BC-A7B6-6939EA7D748C}.Debug|Any CPU.ActiveCfg = Debug|Any CPU
		{BE20C0D2-7B8B-46BC-A7B6-6939EA7D748C}.Debug|Any CPU.Build.0 = Debug|Any CPU
		{BE20C0D2-7B8B-46BC-A7B6-6939EA7D748C}.Release|Any CPU.ActiveCfg = Release|Any CPU
		{BE20C0D2-7B8B-46BC-A7B6-6939EA7D748C}.Release|Any CPU.Build.0 = Release|Any CPU
	EndGlobalSection
	GlobalSection(SolutionProperties) = preSolution
		HideSolutionNode = FALSE
	EndGlobalSection
	GlobalSection(ExtensibilityGlobals) = postSolution
		SolutionGuid = {EC4AB8DA-17A0-40E2-BF2C-4483DA5680A1}
	EndGlobalSection
EndGlobal
